{
  "requires": true,
  "lockfileVersion": 1,
  "dependencies": {
    "@jamescoyle/vue-icon": {
      "version": "0.1.2",
      "resolved": "https://registry.npmjs.org/@jamescoyle/vue-icon/-/vue-icon-0.1.2.tgz",
      "integrity": "sha512-KFrImXx5TKIi6iQXlnyLEBl4rNosNKbTeRnr70ucTdUaciVmd9qK9d/pZAaKt1Ob/8xNnX2GMp8LisyHdKtEgw=="
    },
    "@mdi/js": {
      "version": "7.3.67",
      "resolved": "https://registry.npmjs.org/@mdi/js/-/js-7.3.67.tgz",
      "integrity": "sha512-MnRjknFqpTC6FifhGHjZ0+QYq2bAkZFQqIj8JA2AdPZbBxUvr8QSgB2yPAJ8/ob/XkR41xlg5majDR3c1JP1hw=="
    }
  }
}
